
Microsoft Visual Studio Solution File, Format Version 12.00
# Visual Studio Version 16
VisualStudioVersion = 16.0.29709.97
MinimumVisualStudioVersion = 10.0.40219.1
Project("{FAE04EC0-301F-11D3-BF4B-00C04F79EFBC}") = "D4_New", "D4_New\D4_New.csproj", "{1BF508C8-8F45-4108-A292-3199B689EDA7}"
EndProject
Global
	GlobalSection(SolutionConfigurationPlatforms) = preSolution
		Debug|Any CPU = Debug|Any CPU
		Release|Any CPU = Release|Any CPU
	EndGlobalSection
	GlobalSection(ProjectConfigurationPlatforms) = postSolution
		{1BF508C8-8F45-4108-A292-3199B689EDA7}.Debug|Any CPU.ActiveCfg = Debug|Any CPU
		{1BF508C8-8F45-4108-A292-3199B689EDA7}.Debug|Any CPU.Build.0 = Debug|Any CPU
		{1BF508C8-8F45-4108-A292-3199B689EDA7}.Release|Any CPU.ActiveCfg = Release|Any CPU
		{1BF508C8-8F45-4108-A292-3199B689EDA7}.Release|Any CPU.Build.0 = Release|Any CPU
	EndGlobalSection
	GlobalSection(SolutionProperties) = preSolution
		HideSolutionNode = FALSE
	EndGlobalSection
	GlobalSection(ExtensibilityGlobals) = postSolution
		SolutionGuid = {95C513BE-9F92-4239-A6B4-E312F6CC6559}
	EndGlobalSection
EndGlobal
